// !$*UTF8*$!
{
	archiveVersion = 1;
	classes = {
	};
	objectVersion = 51;
	objects = {

/* Begin PBXBuildFile section */
		4D7228C5246144A40052593F /* I18nUtils.swift in Sources */ = {isa = PBXBuildFile; fileRef = 4D7228C4246144A40052593F /* I18nUtils.swift */; };
		4D7228C824615CFE0052593F /* AppReviewManager.swift in Sources */ = {isa = PBXBuildFile; fileRef = 4D7228C724615CFE0052593F /* AppReviewManager.swift */; };
		4D7228CA24615DA60052593F /* AppVersionData.swift in Sources */ = {isa = PBXBuildFile; fileRef = 4D7228C924615DA60052593F /* AppVersionData.swift */; };
		4D8AB4DF24568AD7009B1CA6 /* NotificationManager.swift in Sources */ = {isa = PBXBuildFile; fileRef = 4D8AB4DE24568AD7009B1CA6 /* NotificationManager.swift */; };
		4DACFA9B243836BD00740EE8 /* AppDelegate.swift in Sources */ = {isa = PBXBuildFile; fileRef = 4DACFA9A243836BD00740EE8 /* AppDelegate.swift */; };
		4DACFA9D243836BD00740EE8 /* SceneDelegate.swift in Sources */ = {isa = PBXBuildFile; fileRef = 4DACFA9C243836BD00740EE8 /* SceneDelegate.swift */; };
		4DACFA9F243836BD00740EE8 /* ContentView.swift in Sources */ = {isa = PBXBuildFile; fileRef = 4DACFA9E243836BD00740EE8 /* ContentView.swift */; };
		4DACFAA1243836BF00740EE8 /* Assets.xcassets in Resources */ = {isa = PBXBuildFile; fileRef = 4DACFAA0243836BF00740EE8 /* Assets.xcassets */; };
		4DACFAA4243836BF00740EE8 /* Preview Assets.xcassets in Resources */ = {isa = PBXBuildFile; fileRef = 4DACFAA3243836BF00740EE8 /* Preview Assets.xcassets */; };
		4DACFAA7243836BF00740EE8 /* LaunchScreen.storyboard in Resources */ = {isa = PBXBuildFile; fileRef = 4DACFAA5243836BF00740EE8 /* LaunchScreen.storyboard */; };
		4DACFAB024383A2900740EE8 /* LocationManager.swift in Sources */ = {isa = PBXBuildFile; fileRef = 4DACFAAF24383A2900740EE8 /* LocationManager.swift */; };
		4DACFAB3243852DE00740EE8 /* MemosView.swift in Sources */ = {isa = PBXBuildFile; fileRef = 4DACFAB2243852DE00740EE8 /* MemosView.swift */; };
		4DACFAB52438532C00740EE8 /* WriteView.swift in Sources */ = {isa = PBXBuildFile; fileRef = 4DACFAB42438532C00740EE8 /* WriteView.swift */; };
		4DACFAB72438534900740EE8 /* SettingsView.swift in Sources */ = {isa = PBXBuildFile; fileRef = 4DACFAB62438534900740EE8 /* SettingsView.swift */; };
		4DACFABA243AC96D00740EE8 /* ActivityIndicator.swift in Sources */ = {isa = PBXBuildFile; fileRef = 4DACFAB9243AC96D00740EE8 /* ActivityIndicator.swift */; };
		4DACFABC243ACB2100740EE8 /* LoadingView.swift in Sources */ = {isa = PBXBuildFile; fileRef = 4DACFABB243ACB2100740EE8 /* LoadingView.swift */; };
		4DACFABE243AED4C00740EE8 /* SelectableCell.swift in Sources */ = {isa = PBXBuildFile; fileRef = 4DACFABD243AED4C00740EE8 /* SelectableCell.swift */; };
		4DACFAC0243B149400740EE8 /* MultilineTextField.swift in Sources */ = {isa = PBXBuildFile; fileRef = 4DACFABF243B149400740EE8 /* MultilineTextField.swift */; };
		4DACFAF3243C0E0B00740EE8 /* LocMemo.xcdatamodeld in Sources */ = {isa = PBXBuildFile; fileRef = 4DACFAF1243C0E0B00740EE8 /* LocMemo.xcdatamodeld */; };
		4DACFAF6243C108F00740EE8 /* DataManager.swift in Sources */ = {isa = PBXBuildFile; fileRef = 4DACFAF5243C108F00740EE8 /* DataManager.swift */; };
		4DACFAF8243C114E00740EE8 /* LocMemoStatus.swift in Sources */ = {isa = PBXBuildFile; fileRef = 4DACFAF7243C114E00740EE8 /* LocMemoStatus.swift */; };
		4DACFAFE243C288C00740EE8 /* LocMemoData.swift in Sources */ = {isa = PBXBuildFile; fileRef = 4DACFAFD243C288C00740EE8 /* LocMemoData.swift */; };
		4DACFB01244041C300740EE8 /* ExternalSettings.swift in Sources */ = {isa = PBXBuildFile; fileRef = 4DACFB00244041C300740EE8 /* ExternalSettings.swift */; };
		4DF5DBDD2458102E00F42718 /* GADBannerViewController.swift in Sources */ = {isa = PBXBuildFile; fileRef = 4DF5DBDC2458102E00F42718 /* GADBannerViewController.swift */; };
		8553142BB5A51B77095ADE3F /* Pods_LocMemo.framework in Frameworks */ = {isa = PBXBuildFile; fileRef = C442302DAF0A697C7E855530 /* Pods_LocMemo.framework */; };
/* End PBXBuildFile section */

/* Begin PBXFileReference section */
		4D4BB3B2246695630030F880 /* zh-Hans */ = {isa = PBXFileReference; lastKnownFileType = file.storyboard; name = "zh-Hans"; path = "zh-Hans.lproj/LaunchScreen.storyboard"; sourceTree = "<group>"; };
		4D7228C4246144A40052593F /* I18nUtils.swift */ = {isa = PBXFileReference; lastKnownFileType = sourcecode.swift; path = I18nUtils.swift; sourceTree = "<group>"; };
		4D7228C724615CFE0052593F /* AppReviewManager.swift */ = {isa = PBXFileReference; lastKnownFileType = sourcecode.swift; path = AppReviewManager.swift; sourceTree = "<group>"; };
		4D7228C924615DA60052593F /* AppVersionData.swift */ = {isa = PBXFileReference; lastKnownFileType = sourcecode.swift; path = AppVersionData.swift; sourceTree = "<group>"; };
		4D8AB4DE24568AD7009B1CA6 /* NotificationManager.swift */ = {isa = PBXFileReference; lastKnownFileType = sourcecode.swift; path = NotificationManager.swift; sourceTree = "<group>"; };
		4DACFA97243836BD00740EE8 /* LocMemo.app */ = {isa = PBXFileReference; explicitFileType = wrapper.application; includeInIndex = 0; path = LocMemo.app; sourceTree = BUILT_PRODUCTS_DIR; };
		4DACFA9A243836BD00740EE8 /* AppDelegate.swift */ = {isa = PBXFileReference; lastKnownFileType = sourcecode.swift; path = AppDelegate.swift; sourceTree = "<group>"; };
		4DACFA9C243836BD00740EE8 /* SceneDelegate.swift */ = {isa = PBXFileReference; lastKnownFileType = sourcecode.swift; path = SceneDelegate.swift; sourceTree = "<group>"; };
		4DACFA9E243836BD00740EE8 /* ContentView.swift */ = {isa = PBXFileReference; lastKnownFileType = sourcecode.swift; path = ContentView.swift; sourceTree = "<group>"; };
		4DACFAA0243836BF00740EE8 /* Assets.xcassets */ = {isa = PBXFileReference; lastKnownFileType = folder.assetcatalog; path = Assets.xcassets; sourceTree = "<group>"; };
		4DACFAA3243836BF00740EE8 /* Preview Assets.xcassets */ = {isa = PBXFileReference; lastKnownFileType = folder.assetcatalog; path = "Preview Assets.xcassets"; sourceTree = "<group>"; };
		4DACFAA6243836BF00740EE8 /* Base */ = {isa = PBXFileReference; lastKnownFileType = file.storyboard; name = Base; path = Base.lproj/LaunchScreen.storyboard; sourceTree = "<group>"; };
		4DACFAA8243836BF00740EE8 /* Info.plist */ = {isa = PBXFileReference; lastKnownFileType = text.plist.xml; path = Info.plist; sourceTree = "<group>"; };
		4DACFAAF24383A2900740EE8 /* LocationManager.swift */ = {isa = PBXFileReference; lastKnownFileType = sourcecode.swift; path = LocationManager.swift; sourceTree = "<group>"; };
		4DACFAB2243852DE00740EE8 /* MemosView.swift */ = {isa = PBXFileReference; lastKnownFileType = sourcecode.swift; path = MemosView.swift; sourceTree = "<group>"; };
		4DACFAB42438532C00740EE8 /* WriteView.swift */ = {isa = PBXFileReference; lastKnownFileType = sourcecode.swift; path = WriteView.swift; sourceTree = "<group>"; };
		4DACFAB62438534900740EE8 /* SettingsView.swift */ = {isa = PBXFileReference; lastKnownFileType = sourcecode.swift; path = SettingsView.swift; sourceTree = "<group>"; };
		4DACFAB9243AC96D00740EE8 /* ActivityIndicator.swift */ = {isa = PBXFileReference; lastKnownFileType = sourcecode.swift; path = ActivityIndicator.swift; sourceTree = "<group>"; };
		4DACFABB243ACB2100740EE8 /* LoadingView.swift */ = {isa = PBXFileReference; lastKnownFileType = sourcecode.swift; path = LoadingView.swift; sourceTree = "<group>"; };
		4DACFABD243AED4C00740EE8 /* SelectableCell.swift */ = {isa = PBXFileReference; lastKnownFileType = sourcecode.swift; path = SelectableCell.swift; sourceTree = "<group>"; };
		4DACFABF243B149400740EE8 /* MultilineTextField.swift */ = {isa = PBXFileReference; lastKnownFileType = sourcecode.swift; path = MultilineTextField.swift; sourceTree = "<group>"; };
		4DACFAF2243C0E0B00740EE8 /* LocMemo.xcdatamodel */ = {isa = PBXFileReference; lastKnownFileType = wrapper.xcdatamodel; path = LocMemo.xcdatamodel; sourceTree = "<group>"; };
		4DACFAF5243C108F00740EE8 /* DataManager.swift */ = {isa = PBXFileReference; lastKnownFileType = sourcecode.swift; path = DataManager.swift; sourceTree = "<group>"; };
		4DACFAF7243C114E00740EE8 /* LocMemoStatus.swift */ = {isa = PBXFileReference; lastKnownFileType = sourcecode.swift; path = LocMemoStatus.swift; sourceTree = "<group>"; };
		4DACFAFD243C288C00740EE8 /* LocMemoData.swift */ = {isa = PBXFileReference; lastKnownFileType = sourcecode.swift; path = LocMemoData.swift; sourceTree = "<group>"; };
		4DACFB00244041C300740EE8 /* ExternalSettings.swift */ = {isa = PBXFileReference; lastKnownFileType = sourcecode.swift; path = ExternalSettings.swift; sourceTree = "<group>"; };
		4DF5DBDC2458102E00F42718 /* GADBannerViewController.swift */ = {isa = PBXFileReference; lastKnownFileType = sourcecode.swift; path = GADBannerViewController.swift; sourceTree = "<group>"; };
		4E44FFC35BDB965A527C1C21 /* Pods-LocMemo.debug.xcconfig */ = {isa = PBXFileReference; includeInIndex = 1; lastKnownFileType = text.xcconfig; name = "Pods-LocMemo.debug.xcconfig"; path = "Target Support Files/Pods-LocMemo/Pods-LocMemo.debug.xcconfig"; sourceTree = "<group>"; };
		83F3AF3B072253965C7E2752 /* Pods-LocMemo.release.xcconfig */ = {isa = PBXFileReference; includeInIndex = 1; lastKnownFileType = text.xcconfig; name = "Pods-LocMemo.release.xcconfig"; path = "Target Support Files/Pods-LocMemo/Pods-LocMemo.release.xcconfig"; sourceTree = "<group>"; };
		C442302DAF0A697C7E855530 /* Pods_LocMemo.framework */ = {isa = PBXFileReference; explicitFileType = wrapper.framework; includeInIndex = 0; path = Pods_LocMemo.framework; sourceTree = BUILT_PRODUCTS_DIR; };
/* End PBXFileReference section */

/* Begin PBXFrameworksBuildPhase section */
		4DACFA94243836BD00740EE8 /* Frameworks */ = {
			isa = PBXFrameworksBuildPhase;
			buildActionMask = 2147483647;
			files = (
				8553142BB5A51B77095ADE3F /* Pods_LocMemo.framework in Frameworks */,
			);
			runOnlyForDeploymentPostprocessing = 0;
		};
/* End PBXFrameworksBuildPhase section */

/* Begin PBXGroup section */
		2380BDA14C06AA679D1DD939 /* Pods */ = {
			isa = PBXGroup;
			children = (
				4E44FFC35BDB965A527C1C21 /* Pods-LocMemo.debug.xcconfig */,
				83F3AF3B072253965C7E2752 /* Pods-LocMemo.release.xcconfig */,
			);
			path = Pods;
			sourceTree = "<group>";
		};
		4B33B011BE48CFB586E06712 /* Frameworks */ = {
			isa = PBXGroup;
			children = (
				C442302DAF0A697C7E855530 /* Pods_LocMemo.framework */,
			);
			name = Frameworks;
			sourceTree = "<group>";
		};
		4D7228C32461448F0052593F /* I18n */ = {
			isa = PBXGroup;
			children = (
				4D7228C4246144A40052593F /* I18nUtils.swift */,
			);
			path = I18n;
			sourceTree = "<group>";
		};
		4D7228C624615CD60052593F /* AppReview */ = {
			isa = PBXGroup;
			children = (
				4D7228C724615CFE0052593F /* AppReviewManager.swift */,
			);
			path = AppReview;
			sourceTree = "<group>";
		};
		4D8AB4DD24568AB8009B1CA6 /* Notification */ = {
			isa = PBXGroup;
			children = (
				4D8AB4DE24568AD7009B1CA6 /* NotificationManager.swift */,
			);
			path = Notification;
			sourceTree = "<group>";
		};
		4DACFA8E243836BD00740EE8 = {
			isa = PBXGroup;
			children = (
				4DACFA99243836BD00740EE8 /* LocMemo */,
				4DACFA98243836BD00740EE8 /* Products */,
				2380BDA14C06AA679D1DD939 /* Pods */,
				4B33B011BE48CFB586E06712 /* Frameworks */,
			);
			sourceTree = "<group>";
		};
		4DACFA98243836BD00740EE8 /* Products */ = {
			isa = PBXGroup;
			children = (
				4DACFA97243836BD00740EE8 /* LocMemo.app */,
			);
			name = Products;
			sourceTree = "<group>";
		};
		4DACFA99243836BD00740EE8 /* LocMemo */ = {
			isa = PBXGroup;
			children = (
				4DACFA9A243836BD00740EE8 /* AppDelegate.swift */,
				4DACFA9C243836BD00740EE8 /* SceneDelegate.swift */,
				4DACFA9E243836BD00740EE8 /* ContentView.swift */,
				4DACFAB1243852C900740EE8 /* Views */,
				4DACFAB8243AC95200740EE8 /* UILib */,
				4DACFAAE24383A1B00740EE8 /* Location */,
				4DACFAF4243C107200740EE8 /* Data */,
				4D8AB4DD24568AB8009B1CA6 /* Notification */,
				4D7228C624615CD60052593F /* AppReview */,
				4DF5DBDB24580FFA00F42718 /* Ads */,
				4D7228C32461448F0052593F /* I18n */,
				4DACFAFF244041A700740EE8 /* Settings */,
				4DACFAA8243836BF00740EE8 /* Info.plist */,
				4DACFAF1243C0E0B00740EE8 /* LocMemo.xcdatamodeld */,
				4DACFAA0243836BF00740EE8 /* Assets.xcassets */,
				4DACFAA5243836BF00740EE8 /* LaunchScreen.storyboard */,
				4DACFAA2243836BF00740EE8 /* Preview Content */,
			);
			path = LocMemo;
			sourceTree = "<group>";
		};
		4DACFAA2243836BF00740EE8 /* Preview Content */ = {
			isa = PBXGroup;
			children = (
				4DACFAA3243836BF00740EE8 /* Preview Assets.xcassets */,
			);
			path = "Preview Content";
			sourceTree = "<group>";
		};
		4DACFAAE24383A1B00740EE8 /* Location */ = {
			isa = PBXGroup;
			children = (
				4DACFAAF24383A2900740EE8 /* LocationManager.swift */,
			);
			path = Location;
			sourceTree = "<group>";
		};
		4DACFAB1243852C900740EE8 /* Views */ = {
			isa = PBXGroup;
			children = (
				4DACFAB2243852DE00740EE8 /* MemosView.swift */,
				4DACFAB42438532C00740EE8 /* WriteView.swift */,
				4DACFAB62438534900740EE8 /* SettingsView.swift */,
			);
			path = Views;
			sourceTree = "<group>";
		};
		4DACFAB8243AC95200740EE8 /* UILib */ = {
			isa = PBXGroup;
			children = (
				4DACFAB9243AC96D00740EE8 /* ActivityIndicator.swift */,
				4DACFABB243ACB2100740EE8 /* LoadingView.swift */,
				4DACFABF243B149400740EE8 /* MultilineTextField.swift */,
				4DACFABD243AED4C00740EE8 /* SelectableCell.swift */,
			);
			path = UILib;
			sourceTree = "<group>";
		};
		4DACFAF4243C107200740EE8 /* Data */ = {
			isa = PBXGroup;
			children = (
				4DACFAF5243C108F00740EE8 /* DataManager.swift */,
				4DACFAF7243C114E00740EE8 /* LocMemoStatus.swift */,
				4DACFAFD243C288C00740EE8 /* LocMemoData.swift */,
				4D7228C924615DA60052593F /* AppVersionData.swift */,
			);
			path = Data;
			sourceTree = "<group>";
		};
		4DACFAFF244041A700740EE8 /* Settings */ = {
			isa = PBXGroup;
			children = (
				4DACFB00244041C300740EE8 /* ExternalSettings.swift */,
			);
			path = Settings;
			sourceTree = "<group>";
		};
		4DF5DBDB24580FFA00F42718 /* Ads */ = {
			isa = PBXGroup;
			children = (
				4DF5DBDC2458102E00F42718 /* GADBannerViewController.swift */,
			);
			path = Ads;
			sourceTree = "<group>";
		};
/* End PBXGroup section */

/* Begin PBXNativeTarget section */
		4DACFA96243836BD00740EE8 /* LocMemo */ = {
			isa = PBXNativeTarget;
			buildConfigurationList = 4DACFAAB243836BF00740EE8 /* Build configuration list for PBXNativeTarget "LocMemo" */;
			buildPhases = (
				B998C157BE0119FE11019508 /* [CP] Check Pods Manifest.lock */,
				4DACFA93243836BD00740EE8 /* Sources */,
				4DACFA94243836BD00740EE8 /* Frameworks */,
				4DACFA95243836BD00740EE8 /* Resources */,
				06B6904B4F934B83FD9CED60 /* [CP] Embed Pods Frameworks */,
			);
			buildRules = (
			);
			dependencies = (
			);
			name = LocMemo;
			productName = LocMemo;
			productReference = 4DACFA97243836BD00740EE8 /* LocMemo.app */;
			productType = "com.apple.product-type.application";
		};
/* End PBXNativeTarget section */

/* Begin PBXProject section */
		4DACFA8F243836BD00740EE8 /* Project object */ = {
			isa = PBXProject;
			attributes = {
				LastSwiftUpdateCheck = 1140;
				LastUpgradeCheck = 1140;
				ORGANIZATIONNAME = hyperware;
				TargetAttributes = {
					4DACFA96243836BD00740EE8 = {
						CreatedOnToolsVersion = 11.4;
					};
				};
			};
			buildConfigurationList = 4DACFA92243836BD00740EE8 /* Build configuration list for PBXProject "LocMemo" */;
			compatibilityVersion = "Xcode 9.3";
			developmentRegion = en;
			hasScannedForEncodings = 0;
			knownRegions = (
				en,
				Base,
				"zh-Hans",
			);
			mainGroup = 4DACFA8E243836BD00740EE8;
			productRefGroup = 4DACFA98243836BD00740EE8 /* Products */;
			projectDirPath = "";
			projectRoot = "";
			targets = (
				4DACFA96243836BD00740EE8 /* LocMemo */,
			);
		};
/* End PBXProject section */

/* Begin PBXResourcesBuildPhase section */
		4DACFA95243836BD00740EE8 /* Resources */ = {
			isa = PBXResourcesBuildPhase;
			buildActionMask = 2147483647;
			files = (
				4DACFAA7243836BF00740EE8 /* LaunchScreen.storyboard in Resources */,
				4DACFAA4243836BF00740EE8 /* Preview Assets.xcassets in Resources */,
				4DACFAA1243836BF00740EE8 /* Assets.xcassets in Resources */,
			);
			runOnlyForDeploymentPostprocessing = 0;
		};
/* End PBXResourcesBuildPhase section */

/* Begin PBXShellScriptBuildPhase section */
		06B6904B4F934B83FD9CED60 /* [CP] Embed Pods Frameworks */ = {
			isa = PBXShellScriptBuildPhase;
			buildActionMask = 2147483647;
			files = (
			);
			inputFileListPaths = (
				"${PODS_ROOT}/Target Support Files/Pods-LocMemo/Pods-LocMemo-frameworks-${CONFIGURATION}-input-files.xcfilelist",
			);
			name = "[CP] Embed Pods Frameworks";
			outputFileListPaths = (
				"${PODS_ROOT}/Target Support Files/Pods-LocMemo/Pods-LocMemo-frameworks-${CONFIGURATION}-output-files.xcfilelist",
			);
			runOnlyForDeploymentPostprocessing = 0;
			shellPath = /bin/sh;
			shellScript = "\"${PODS_ROOT}/Target Support Files/Pods-LocMemo/Pods-LocMemo-frameworks.sh\"\n";
			showEnvVarsInLog = 0;
		};
		B998C157BE0119FE11019508 /* [CP] Check Pods Manifest.lock */ = {
			isa = PBXShellScriptBuildPhase;
			buildActionMask = 2147483647;
			files = (
			);
			inputFileListPaths = (
			);
			inputPaths = (
				"${PODS_PODFILE_DIR_PATH}/Podfile.lock",
				"${PODS_ROOT}/Manifest.lock",
			);
			name = "[CP] Check Pods Manifest.lock";
			outputFileListPaths = (
			);
			outputPaths = (
				"$(DERIVED_FILE_DIR)/Pods-LocMemo-checkManifestLockResult.txt",
			);
			runOnlyForDeploymentPostprocessing = 0;
			shellPath = /bin/sh;
			shellScript = "diff \"${PODS_PODFILE_DIR_PATH}/Podfile.lock\" \"${PODS_ROOT}/Manifest.lock\" > /dev/null\nif [ $? != 0 ] ; then\n    # print error to STDERR\n    echo \"error: The sandbox is not in sync with the Podfile.lock. Run 'pod install' or update your CocoaPods installation.\" >&2\n    exit 1\nfi\n# This output is used by Xcode 'outputs' to avoid re-running this script phase.\necho \"SUCCESS\" > \"${SCRIPT_OUTPUT_FILE_0}\"\n";
			showEnvVarsInLog = 0;
		};
/* End PBXShellScriptBuildPhase section */

/* Begin PBXSourcesBuildPhase section */
		4DACFA93243836BD00740EE8 /* Sources */ = {
			isa = PBXSourcesBuildPhase;
			buildActionMask = 2147483647;
			files = (
				4DACFAF3243C0E0B00740EE8 /* LocMemo.xcdatamodeld in Sources */,
				4D8AB4DF24568AD7009B1CA6 /* NotificationManager.swift in Sources */,
				4D7228CA24615DA60052593F /* AppVersionData.swift in Sources */,
				4DACFAB72438534900740EE8 /* SettingsView.swift in Sources */,
				4DACFABE243AED4C00740EE8 /* SelectableCell.swift in Sources */,
				4DACFAB024383A2900740EE8 /* LocationManager.swift in Sources */,
				4DACFA9B243836BD00740EE8 /* AppDelegate.swift in Sources */,
				4DACFB01244041C300740EE8 /* ExternalSettings.swift in Sources */,
				4D7228C824615CFE0052593F /* AppReviewManager.swift in Sources */,
				4DACFAB3243852DE00740EE8 /* MemosView.swift in Sources */,
				4DACFABA243AC96D00740EE8 /* ActivityIndicator.swift in Sources */,
				4DF5DBDD2458102E00F42718 /* GADBannerViewController.swift in Sources */,
				4DACFAB52438532C00740EE8 /* WriteView.swift in Sources */,
				4DACFAF8243C114E00740EE8 /* LocMemoStatus.swift in Sources */,
				4DACFA9D243836BD00740EE8 /* SceneDelegate.swift in Sources */,
				4DACFA9F243836BD00740EE8 /* ContentView.swift in Sources */,
				4DACFABC243ACB2100740EE8 /* LoadingView.swift in Sources */,
				4DACFAFE243C288C00740EE8 /* LocMemoData.swift in Sources */,
				4DACFAF6243C108F00740EE8 /* DataManager.swift in Sources */,
				4D7228C5246144A40052593F /* I18nUtils.swift in Sources */,
				4DACFAC0243B149400740EE8 /* MultilineTextField.swift in Sources */,
			);
			runOnlyForDeploymentPostprocessing = 0;
		};
/* End PBXSourcesBuildPhase section */

/* Begin PBXVariantGroup section */
		4DACFAA5243836BF00740EE8 /* LaunchScreen.storyboard */ = {
			isa = PBXVariantGroup;
			children = (
				4DACFAA6243836BF00740EE8 /* Base */,
				4D4BB3B2246695630030F880 /* zh-Hans */,
			);
			name = LaunchScreen.storyboard;
			sourceTree = "<group>";
		};
/* End PBXVariantGroup section */

/* Begin XCBuildConfiguration section */
		4DACFAA9243836BF00740EE8 /* Debug */ = {
			isa = XCBuildConfiguration;
			buildSettings = {
				ALWAYS_SEARCH_USER_PATHS = NO;
				CLANG_ANALYZER_LOCALIZABILITY_NONLOCALIZED = YES;
				CLANG_ANALYZER_NONNULL = YES;
				CLANG_ANALYZER_NUMBER_OBJECT_CONVERSION = YES_AGGRESSIVE;
				CLANG_CXX_LANGUAGE_STANDARD = "gnu++14";
				CLANG_CXX_LIBRARY = "libc++";
				CLANG_ENABLE_MODULES = YES;
				CLANG_ENABLE_OBJC_ARC = YES;
				CLANG_ENABLE_OBJC_WEAK = YES;
				CLANG_WARN_BLOCK_CAPTURE_AUTORELEASING = YES;
				CLANG_WARN_BOOL_CONVERSION = YES;
				CLANG_WARN_COMMA = YES;
				CLANG_WARN_CONSTANT_CONVERSION = YES;
				CLANG_WARN_DEPRECATED_OBJC_IMPLEMENTATIONS = YES;
				CLANG_WARN_DIRECT_OBJC_ISA_USAGE = YES_ERROR;
				CLANG_WARN_DOCUMENTATION_COMMENTS = YES;
				CLANG_WARN_EMPTY_BODY = YES;
				CLANG_WARN_ENUM_CONVERSION = YES;
				CLANG_WARN_INFINITE_RECURSION = YES;
				CLANG_WARN_INT_CONVERSION = YES;
				CLANG_WARN_NON_LITERAL_NULL_CONVERSION = YES;
				CLANG_WARN_OBJC_IMPLICIT_RETAIN_SELF = YES;
				CLANG_WARN_OBJC_LITERAL_CONVERSION = YES;
				CLANG_WARN_OBJC_ROOT_CLASS = YES_ERROR;
				CLANG_WARN_RANGE_LOOP_ANALYSIS = YES;
				CLANG_WARN_STRICT_PROTOTYPES = YES;
				CLANG_WARN_SUSPICIOUS_MOVE = YES;
				CLANG_WARN_UNGUARDED_AVAILABILITY = YES_AGGRESSIVE;
				CLANG_WARN_UNREACHABLE_CODE = YES;
				CLANG_WARN__DUPLICATE_METHOD_MATCH = YES;
				COPY_PHASE_STRIP = NO;
				DEBUG_INFORMATION_FORMAT = dwarf;
				ENABLE_STRICT_OBJC_MSGSEND = YES;
				ENABLE_TESTABILITY = YES;
				GCC_C_LANGUAGE_STANDARD = gnu11;
				GCC_DYNAMIC_NO_PIC = NO;
				GCC_NO_COMMON_BLOCKS = YES;
				GCC_OPTIMIZATION_LEVEL = 0;
				GCC_PREPROCESSOR_DEFINITIONS = (
					"DEBUG=1",
					"$(inherited)",
				);
				GCC_WARN_64_TO_32_BIT_CONVERSION = YES;
				GCC_WARN_ABOUT_RETURN_TYPE = YES_ERROR;
				GCC_WARN_UNDECLARED_SELECTOR = YES;
				GCC_WARN_UNINITIALIZED_AUTOS = YES_AGGRESSIVE;
				GCC_WARN_UNUSED_FUNCTION = YES;
				GCC_WARN_UNUSED_VARIABLE = YES;
				IPHONEOS_DEPLOYMENT_TARGET = 13.4;
				MTL_ENABLE_DEBUG_INFO = INCLUDE_SOURCE;
				MTL_FAST_MATH = YES;
				ONLY_ACTIVE_ARCH = YES;
				SDKROOT = iphoneos;
				SWIFT_ACTIVE_COMPILATION_CONDITIONS = DEBUG;
				SWIFT_OPTIMIZATION_LEVEL = "-Onone";
			};
			name = Debug;
		};
		4DACFAAA243836BF00740EE8 /* Release */ = {
			isa = XCBuildConfiguration;
			buildSettings = {
				ALWAYS_SEARCH_USER_PATHS = NO;
				CLANG_ANALYZER_LOCALIZABILITY_NONLOCALIZED = YES;
				CLANG_ANALYZER_NONNULL = YES;
				CLANG_ANALYZER_NUMBER_OBJECT_CONVERSION = YES_AGGRESSIVE;
				CLANG_CXX_LANGUAGE_STANDARD = "gnu++14";
				CLANG_CXX_LIBRARY = "libc++";
				CLANG_ENABLE_MODULES = YES;
				CLANG_ENABLE_OBJC_ARC = YES;
				CLANG_ENABLE_OBJC_WEAK = YES;
				CLANG_WARN_BLOCK_CAPTURE_AUTORELEASING = YES;
				CLANG_WARN_BOOL_CONVERSION = YES;
				CLANG_WARN_COMMA = YES;
				CLANG_WARN_CONSTANT_CONVERSION = YES;
				CLANG_WARN_DEPRECATED_OBJC_IMPLEMENTATIONS = YES;
				CLANG_WARN_DIRECT_OBJC_ISA_USAGE = YES_ERROR;
				CLANG_WARN_DOCUMENTATION_COMMENTS = YES;
				CLANG_WARN_EMPTY_BODY = YES;
				CLANG_WARN_ENUM_CONVERSION = YES;
				CLANG_WARN_INFINITE_RECURSION = YES;
				CLANG_WARN_INT_CONVERSION = YES;
				CLANG_WARN_NON_LITERAL_NULL_CONVERSION = YES;
				CLANG_WARN_OBJC_IMPLICIT_RETAIN_SELF = YES;
				CLANG_WARN_OBJC_LITERAL_CONVERSION = YES;
				CLANG_WARN_OBJC_ROOT_CLASS = YES_ERROR;
				CLANG_WARN_RANGE_LOOP_ANALYSIS = YES;
				CLANG_WARN_STRICT_PROTOTYPES = YES;
				CLANG_WARN_SUSPICIOUS_MOVE = YES;
				CLANG_WARN_UNGUARDED_AVAILABILITY = YES_AGGRESSIVE;
				CLANG_WARN_UNREACHABLE_CODE = YES;
				CLANG_WARN__DUPLICATE_METHOD_MATCH = YES;
				COPY_PHASE_STRIP = NO;
				DEBUG_INFORMATION_FORMAT = "dwarf-with-dsym";
				ENABLE_NS_ASSERTIONS = NO;
				ENABLE_STRICT_OBJC_MSGSEND = YES;
				GCC_C_LANGUAGE_STANDARD = gnu11;
				GCC_NO_COMMON_BLOCKS = YES;
				GCC_WARN_64_TO_32_BIT_CONVERSION = YES;
				GCC_WARN_ABOUT_RETURN_TYPE = YES_ERROR;
				GCC_WARN_UNDECLARED_SELECTOR = YES;
				GCC_WARN_UNINITIALIZED_AUTOS = YES_AGGRESSIVE;
				GCC_WARN_UNUSED_FUNCTION = YES;
				GCC_WARN_UNUSED_VARIABLE = YES;
				IPHONEOS_DEPLOYMENT_TARGET = 13.4;
				MTL_ENABLE_DEBUG_INFO = NO;
				MTL_FAST_MATH = YES;
				SDKROOT = iphoneos;
				SWIFT_COMPILATION_MODE = wholemodule;
				SWIFT_OPTIMIZATION_LEVEL = "-O";
				VALIDATE_PRODUCT = YES;
			};
			name = Release;
		};
		4DACFAAC243836BF00740EE8 /* Debug */ = {
			isa = XCBuildConfiguration;
			baseConfigurationReference = 4E44FFC35BDB965A527C1C21 /* Pods-LocMemo.debug.xcconfig */;
			buildSettings = {
				ASSETCATALOG_COMPILER_APPICON_NAME = AppIcon;
				CODE_SIGN_STYLE = Automatic;
				CURRENT_PROJECT_VERSION = 1;
				DEVELOPMENT_ASSET_PATHS = "\"LocMemo/Preview Content\"";
				DEVELOPMENT_TEAM = WE6B5MG928;
				ENABLE_PREVIEWS = YES;
				INFOPLIST_FILE = LocMemo/Info.plist;
				IPHONEOS_DEPLOYMENT_TARGET = 13.3;
				LD_RUNPATH_SEARCH_PATHS = (
					"$(inherited)",
					"@executable_path/Frameworks",
				);
				MARKETING_VERSION = 1.1;
				PRODUCT_BUNDLE_IDENTIFIER = com.hyperware.LocMemo;
				PRODUCT_NAME = "$(TARGET_NAME)";
				SWIFT_VERSION = 5.0;
				TARGETED_DEVICE_FAMILY = 1;
			};
			name = Debug;
		};
		4DACFAAD243836BF00740EE8 /* Release */ = {
			isa = XCBuildConfiguration;
			baseConfigurationReference = 83F3AF3B072253965C7E2752 /* Pods-LocMemo.release.xcconfig */;
			buildSettings = {
				ASSETCATALOG_COMPILER_APPICON_NAME = AppIcon;
				CODE_SIGN_STYLE = Automatic;
				CURRENT_PROJECT_VERSION = 1;
				DEVELOPMENT_ASSET_PATHS = "\"LocMemo/Preview Content\"";
				DEVELOPMENT_TEAM = WE6B5MG928;
				ENABLE_PREVIEWS = YES;
				INFOPLIST_FILE = LocMemo/Info.plist;
				IPHONEOS_DEPLOYMENT_TARGET = 13.3;
				LD_RUNPATH_SEARCH_PATHS = (
					"$(inherited)",
					"@executable_path/Frameworks",
				);
				MARKETING_VERSION = 1.1;
				PRODUCT_BUNDLE_IDENTIFIER = com.hyperware.LocMemo;
				PRODUCT_NAME = "$(TARGET_NAME)";
				SWIFT_VERSION = 5.0;
				TARGETED_DEVICE_FAMILY = 1;
			};
			name = Release;
		};
/* End XCBuildConfiguration section */

/* Begin XCConfigurationList section */
		4DACFA92243836BD00740EE8 /* Build configuration list for PBXProject "LocMemo" */ = {
			isa = XCConfigurationList;
			buildConfigurations = (
				4DACFAA9243836BF00740EE8 /* Debug */,
				4DACFAAA243836BF00740EE8 /* Release */,
			);
			defaultConfigurationIsVisible = 0;
			defaultConfigurationName = Release;
		};
		4DACFAAB243836BF00740EE8 /* Build configuration list for PBXNativeTarget "LocMemo" */ = {
			isa = XCConfigurationList;
			buildConfigurations = (
				4DACFAAC243836BF00740EE8 /* Debug */,
				4DACFAAD243836BF00740EE8 /* Release */,
			);
			defaultConfigurationIsVisible = 0;
			defaultConfigurationName = Release;
		};
/* End XCConfigurationList section */

/* Begin XCVersionGroup section */
		4DACFAF1243C0E0B00740EE8 /* LocMemo.xcdatamodeld */ = {
			isa = XCVersionGroup;
			children = (
				4DACFAF2243C0E0B00740EE8 /* LocMemo.xcdatamodel */,
			);
			currentVersion = 4DACFAF2243C0E0B00740EE8 /* LocMemo.xcdatamodel */;
			path = LocMemo.xcdatamodeld;
			sourceTree = "<group>";
			versionGroupType = wrapper.xcdatamodel;
		};
/* End XCVersionGroup section */
	};
	rootObject = 4DACFA8F243836BD00740EE8 /* Project object */;
}
